{
  "version": "v1",
  "packages": {
    "@italodeandra/dev": {
      "signature": "52fc5f3404c2fe248526a702befd5b5b",
      "file": true,
      "replaced": "0.1.2"
    },
    "@italodeandra/next": {
      "signature": "13e60c90cd207164b9fc4a9cb27a9eaa",
      "file": true,
      "replaced": "0.1.5"
    }
  }
}